
Microsoft Visual Studio Solution File, Format Version 12.00
# Visual Studio Version 16
VisualStudioVersion = 16.0.30011.22
MinimumVisualStudioVersion = 10.0.40219.1
Project("{FAE04EC0-301F-11D3-BF4B-00C04F79EFBC}") = "MC-33", "MC-33\MC-33.csproj", "{407E60F0-C5B3-4900-913A-39C3817363C1}"
EndProject
Project("{FAE04EC0-301F-11D3-BF4B-00C04F79EFBC}") = "MC-33-Tests", "MC-33-Tests\MC-33-Tests.csproj", "{CC232F1F-461E-4A7D-B7CD-34D80C377207}"
EndProject
Global
	GlobalSection(SolutionConfigurationPlatforms) = preSolution
		Debug|Any CPU = Debug|Any CPU
		Release|Any CPU = Release|Any CPU
	EndGlobalSection
	GlobalSection(ProjectConfigurationPlatforms) = postSolution
		{407E60F0-C5B3-4900-913A-39C3817363C1}.Debug|Any CPU.ActiveCfg = Debug|Any CPU
		{407E60F0-C5B3-4900-913A-39C3817363C1}.Debug|Any CPU.Build.0 = Debug|Any CPU
		{407E60F0-C5B3-4900-913A-39C3817363C1}.Release|Any CPU.ActiveCfg = Release|Any CPU
		{407E60F0-C5B3-4900-913A-39C3817363C1}.Release|Any CPU.Build.0 = Release|Any CPU
		{CC232F1F-461E-4A7D-B7CD-34D80C377207}.Debug|Any CPU.ActiveCfg = Debug|Any CPU
		{CC232F1F-461E-4A7D-B7CD-34D80C377207}.Debug|Any CPU.Build.0 = Debug|Any CPU
		{CC232F1F-461E-4A7D-B7CD-34D80C377207}.Release|Any CPU.ActiveCfg = Release|Any CPU
		{CC232F1F-461E-4A7D-B7CD-34D80C377207}.Release|Any CPU.Build.0 = Release|Any CPU
	EndGlobalSection
	GlobalSection(SolutionProperties) = preSolution
		HideSolutionNode = FALSE
	EndGlobalSection
	GlobalSection(ExtensibilityGlobals) = postSolution
		SolutionGuid = {34C16235-03A0-4B5C-AC4F-1A693E9F5BFA}
	EndGlobalSection
EndGlobal
